
Microsoft Visual Studio Solution File, Format Version 12.00
# Visual Studio Version 16
VisualStudioVersion = 16.0.808.6
MinimumVisualStudioVersion = 10.0.40219.1
Project("{9A19103F-16F7-4668-BE54-9A1E7A4F7556}") = "TonyBark.WebApp", "TonyBark.WebApp\TonyBark.WebApp.csproj", "{CC6EEFE7-30CB-4256-A231-CD2410314B82}"
EndProject
Project("{2150E333-8FDC-42A3-9474-1A3956D46DE8}") = "Solution Items", "Solution Items", "{1250ECAE-1BF1-4D0E-B538-C2640E63D606}"
	ProjectSection(SolutionItems) = preProject
		.editorconfig = .editorconfig
	EndProjectSection
EndProject
Global
	GlobalSection(SolutionConfigurationPlatforms) = preSolution
		Debug|Any CPU = Debug|Any CPU
		Release|Any CPU = Release|Any CPU
	EndGlobalSection
	GlobalSection(ProjectConfigurationPlatforms) = postSolution
		{CC6EEFE7-30CB-4256-A231-CD2410314B82}.Debug|Any CPU.ActiveCfg = Debug|Any CPU
		{CC6EEFE7-30CB-4256-A231-CD2410314B82}.Debug|Any CPU.Build.0 = Debug|Any CPU
		{CC6EEFE7-30CB-4256-A231-CD2410314B82}.Release|Any CPU.ActiveCfg = Release|Any CPU
		{CC6EEFE7-30CB-4256-A231-CD2410314B82}.Release|Any CPU.Build.0 = Release|Any CPU
	EndGlobalSection
	GlobalSection(SolutionProperties) = preSolution
		HideSolutionNode = FALSE
	EndGlobalSection
	GlobalSection(ExtensibilityGlobals) = postSolution
		SolutionGuid = {9E62CC07-4788-4EF0-90B3-4C044E1556BE}
	EndGlobalSection
EndGlobal
